name: SaveBatchTaskForUpdateProhibitionLock
parameters:
- name: UserClientIp
  type: String
  required: false
  subparameters: []
- name: Lang
  type: String
  required: false
  subparameters: []
- name: DomainName
  type: RepeatList
  required: true
  subparameters: []
- name: Status
  type: Boolean
  required: true
  subparameters: []
